lockfileVersion: '9.0'

settings:
  autoInstallPeers: true
  excludeLinksFromLockfile: false

importers:

  .:
    dependencies:
      react:
        specifier: ^19.2.4
        version: 19.2.4
      react-hook-form:
        specifier: ^7.71.1
        version: 7.71.1(react@19.2.4)
      zod:
        specifier: link:@hookform/resolvers/zod
        version: link:@hookform/resolvers/zod

packages:

  react-hook-form@7.71.1:
    resolution: {integrity: sha512-9SUJKCGKo8HUSsCO+y0CtqkqI5nNuaDqTxyqPsZPqIwudpj4rCrAz/jZV+jn57bx5gtZKOh3neQu94DXMc+w5w==}
    engines: {node: '>=18.0.0'}
    peerDependencies:
      react: ^16.8.0 || ^17 || ^18 || ^19

  react@19.2.4:
    resolution: {integrity: sha512-9nfp2hYpCwOjAN+8TZFGhtWEwgvWHXqESH8qT89AT/lWklpLON22Lc8pEtnpsZz7VmawabSU0gCjnj8aC0euHQ==}
    engines: {node: '>=0.10.0'}

snapshots:

  react-hook-form@7.71.1(react@19.2.4):
    dependencies:
      react: 19.2.4

  react@19.2.4: {}
